<Solution>
  <Configurations>
    <Platform Name="x64" />
    <Platform Name="x86" />
  </Configurations>
  <Project Path="00_Theory/00_Theory.vcxproj" Id="b10d8ee6-4378-458a-86b7-19be2eac93e8" />
  <Project Path="01_InputOutput/01_InputOutput.vcxproj" Id="b38244e3-af51-4a41-9db5-85f727f7cd9d" />
  <Project Path="02_DataTypeAndConstant/02_DataTypeAndConstant.vcxproj" Id="f2d49a22-90e1-47a7-8f4b-8cc505e8bfc1" />
  <Project Path="03_Operators/03_Operators.vcxproj" Id="50489f50-8bad-4771-b41b-20f36633fa82" />
  <Project Path="04_Conditional/04_Conditional.vcxproj" Id="4be0db6f-06d3-425e-bc05-31d9768b5dad" />
  <Project Path="05_Loop/05_Loop.vcxproj" Id="82129704-91d4-4385-8d37-361498e4011f" />
  <Project Path="06_Array/06_Array.vcxproj" Id="fb7d69d2-9ce5-4472-8f88-d1b5d511cfde" />
  <Project Path="07_Function/07_Function.vcxproj" Id="562b3f44-e4ac-4f18-9d9a-d58a18162bf1" />
  <Project Path="08_Struct/08_Struct.vcxproj" Id="b6f82e7a-b504-4a6f-9487-113e5e174d37" />
  <Project Path="09_ScopeAndLifetime/09_ScopeAndLifetime.vcxproj" Id="0973a967-d7ff-4c89-b2f6-0484980354c4" />
  <Project Path="10_Pointer/10_Pointer.vcxproj" Id="d1c89589-2876-4ce0-8bb0-b3deb5f42877" />
  <Project Path="11_Cast/11_Cast.vcxproj" Id="33df1d5f-4e95-45cd-8469-335a371a6144" />
  <Project Path="12_String/12_String.vcxproj" Id="a022effe-21ec-42a1-9c32-6a6ceee425c1" />
  <Project Path="13_Class/13_Class.vcxproj" Id="d3b757a2-5a09-47a2-a1f1-2a75dd7e4632" />
  <Project Path="14_DynamicAllocation/14_DynamicAllocation.vcxproj" Id="58ad3de6-b8e4-4ece-8f1d-945d3c91c29d" />
  <Project Path="15_Constructor/15_Constructor.vcxproj" Id="88d12c1b-ab7f-4346-bc66-97131d4c89f9" />
  <Project Path="16_Reference/16_Reference.vcxproj" Id="664c8d5f-505d-4bc6-87de-35db8f4aab7c" />
  <Project Path="17_SnakeGame/17_SnakeGame.vcxproj" Id="fd4fed10-cebc-4f66-bfc3-85e528e01816" />
  <Project Path="18_Vector/18_Vector.vcxproj" Id="d853e58b-c299-45c0-bf85-96bd363664b0" />
  <Project Path="19_SnakeGame_Class/19_SnakeGame_Class.vcxproj" Id="c680b5fa-9933-4700-ae4a-803908579c7e" />
  <Project Path="20_Bingo_Class/20_Bingo_Class.vcxproj" Id="573920de-2931-4aa2-8cbc-9504d602148f" />
  <Project Path="21_FileIO/21_FileIO.vcxproj" Id="7041f855-280d-4a42-967c-e7f70f15c8ff" />
  <Project Path="22_TextRPG/22_TextRPG.vcxproj" Id="a3243990-cc07-4ce6-aa1d-dde5b96a76f8" />
  <Project Path="23_Template/23_Template.vcxproj" Id="95d33ee1-d7f0-48ef-b7b1-212a27ac46d9" />
  <Project Path="24_DataStructure/24_DataStructure.vcxproj" Id="142b9541-7728-4990-b62f-64767da2055f" />
</Solution>
