<Solution>
  <Configurations>
    <Platform Name="x64" />
    <Platform Name="x86" />
  </Configurations>
  <Project Path="00_Theory/00_Theory.vcxproj" Id="b10d8ee6-4378-458a-86b7-19be2eac93e8" />
  <Project Path="01_InputOutput/01_InputOutput.vcxproj" Id="b38244e3-af51-4a41-9db5-85f727f7cd9d" />
  <Project Path="02_DataTypeAndConstant/02_DataTypeAndConstant.vcxproj" Id="f2d49a22-90e1-47a7-8f4b-8cc505e8bfc1" />
  <Project Path="03_Operators/03_Operators.vcxproj" Id="50489f50-8bad-4771-b41b-20f36633fa82" />
  <Project Path="04_Conditional/04_Conditional.vcxproj" Id="4be0db6f-06d3-425e-bc05-31d9768b5dad" />
  <Project Path="05_Loop/05_Loop.vcxproj" Id="82129704-91d4-4385-8d37-361498e4011f" />
  <Project Path="06_Array/06_Array.vcxproj" Id="fb7d69d2-9ce5-4472-8f88-d1b5d511cfde" />
  <Project Path="07_Function/07_Function.vcxproj" Id="562b3f44-e4ac-4f18-9d9a-d58a18162bf1" />
  <Project Path="08_Struct/08_Struct.vcxproj" Id="b6f82e7a-b504-4a6f-9487-113e5e174d37" />
  <Project Path="09_ScopeAndLifetime/09_ScopeAndLifetime.vcxproj" Id="0973a967-d7ff-4c89-b2f6-0484980354c4" />
  <Project Path="10_Pointer/10_Pointer.vcxproj" Id="d1c89589-2876-4ce0-8bb0-b3deb5f42877" />
</Solution>
